
Microsoft Visual Studio Solution File, Format Version 12.00
# Visual Studio Version 16
VisualStudioVersion = 16.0.30128.74
MinimumVisualStudioVersion = 10.0.40219.1
Project("{FAE04EC0-301F-11D3-BF4B-00C04F79EFBC}") = "YsProject", "YsProject\YsProject.csproj", "{2882B443-D688-4F3D-AB1E-28EDB765DA50}"
EndProject
Global
	GlobalSection(SolutionConfigurationPlatforms) = preSolution
		Debug|Any CPU = Debug|Any CPU
		Release|Any CPU = Release|Any CPU
	EndGlobalSection
	GlobalSection(ProjectConfigurationPlatforms) = postSolution
		{2882B443-D688-4F3D-AB1E-28EDB765DA50}.Debug|Any CPU.ActiveCfg = Debug|Any CPU
		{2882B443-D688-4F3D-AB1E-28EDB765DA50}.Debug|Any CPU.Build.0 = Debug|Any CPU
		{2882B443-D688-4F3D-AB1E-28EDB765DA50}.Release|Any CPU.ActiveCfg = Release|Any CPU
		{2882B443-D688-4F3D-AB1E-28EDB765DA50}.Release|Any CPU.Build.0 = Release|Any CPU
	EndGlobalSection
	GlobalSection(SolutionProperties) = preSolution
		HideSolutionNode = FALSE
	EndGlobalSection
	GlobalSection(ExtensibilityGlobals) = postSolution
		SolutionGuid = {1E046B2C-4990-4024-BD17-1DB818E6E924}
	EndGlobalSection
EndGlobal
